
Microsoft Visual Studio Solution File, Format Version 11.00
# Visual Studio 2010
Project("{FAE04EC0-301F-11D3-BF4B-00C04F79EFBC}") = "landsharks", "Assembly-CSharp.csproj", "{58A70FA8-B36D-9BF2-AD5C-F5E0B750FEAE}"
EndProject
Global
	GlobalSection(SolutionConfigurationPlatforms) = preSolution
		Debug|Any CPU = Debug|Any CPU
		Release|Any CPU = Release|Any CPU
	EndGlobalSection
	GlobalSection(ProjectConfigurationPlatforms) = postSolution
		{58A70FA8-B36D-9BF2-AD5C-F5E0B750FEAE}.Debug|Any CPU.ActiveCfg = Debug|Any CPU
		{58A70FA8-B36D-9BF2-AD5C-F5E0B750FEAE}.Debug|Any CPU.Build.0 = Debug|Any CPU
		{58A70FA8-B36D-9BF2-AD5C-F5E0B750FEAE}.Release|Any CPU.ActiveCfg = Release|Any CPU
		{58A70FA8-B36D-9BF2-AD5C-F5E0B750FEAE}.Release|Any CPU.Build.0 = Release|Any CPU
	EndGlobalSection
	GlobalSection(SolutionProperties) = preSolution
		HideSolutionNode = FALSE
	EndGlobalSection
	GlobalSection(MonoDevelopProperties) = preSolution
		StartupItem = Assembly-CSharp.csproj
	EndGlobalSection
EndGlobal
