
Microsoft Visual Studio Solution File, Format Version 12.00
# Visual Studio 2017
Project("{FAE04EC0-301F-11D3-BF4B-00C04F79EFBC}") = "landsharks", "landsharks.csproj", "{0134267D-013B-D41C-1608-8A459BB80DC4}"
EndProject
Global
	GlobalSection(SolutionConfigurationPlatforms) = preSolution
		Debug|Any CPU = Debug|Any CPU
		Release|Any CPU = Release|Any CPU
	EndGlobalSection
	GlobalSection(ProjectConfigurationPlatforms) = postSolution
		{0134267D-013B-D41C-1608-8A459BB80DC4}.Debug|Any CPU.ActiveCfg = Debug|Any CPU
		{0134267D-013B-D41C-1608-8A459BB80DC4}.Debug|Any CPU.Build.0 = Debug|Any CPU
		{0134267D-013B-D41C-1608-8A459BB80DC4}.Release|Any CPU.ActiveCfg = Release|Any CPU
		{0134267D-013B-D41C-1608-8A459BB80DC4}.Release|Any CPU.Build.0 = Release|Any CPU
	EndGlobalSection
	GlobalSection(SolutionProperties) = preSolution
		HideSolutionNode = FALSE
	EndGlobalSection
EndGlobal
